
Microsoft Visual Studio Solution File, Format Version 12.00
# Visual Studio 14
VisualStudioVersion = 14.0.25420.1
MinimumVisualStudioVersion = 10.0.40219.1
Project("{FAE04EC0-301F-11D3-BF4B-00C04F79EFBC}") = "MakeYourPizza.Domain", "MakeYourPizza.Domain\MakeYourPizza.Domain.csproj", "{17B7CA56-2F1B-4903-9B4E-640A138E41CD}"
EndProject
Project("{FAE04EC0-301F-11D3-BF4B-00C04F79EFBC}") = "MakeYourPizza.WebUI", "MakeYourPizza.WebUI\MakeYourPizza.WebUI.csproj", "{EB51C737-6BE6-47AD-A65D-3046A459AFF6}"
EndProject
Project("{FAE04EC0-301F-11D3-BF4B-00C04F79EFBC}") = "MakeYourPizza.UnitTests", "MakeYourPizza.UnitTests\MakeYourPizza.UnitTests.csproj", "{35C465B6-F49D-475F-8CD5-BF022402B5FD}"
EndProject
Global
	GlobalSection(SolutionConfigurationPlatforms) = preSolution
		Debug|Any CPU = Debug|Any CPU
		Release|Any CPU = Release|Any CPU
	EndGlobalSection
	GlobalSection(ProjectConfigurationPlatforms) = postSolution
		{17B7CA56-2F1B-4903-9B4E-640A138E41CD}.Debug|Any CPU.ActiveCfg = Debug|Any CPU
		{17B7CA56-2F1B-4903-9B4E-640A138E41CD}.Debug|Any CPU.Build.0 = Debug|Any CPU
		{17B7CA56-2F1B-4903-9B4E-640A138E41CD}.Release|Any CPU.ActiveCfg = Release|Any CPU
		{17B7CA56-2F1B-4903-9B4E-640A138E41CD}.Release|Any CPU.Build.0 = Release|Any CPU
		{EB51C737-6BE6-47AD-A65D-3046A459AFF6}.Debug|Any CPU.ActiveCfg = Debug|Any CPU
		{EB51C737-6BE6-47AD-A65D-3046A459AFF6}.Debug|Any CPU.Build.0 = Debug|Any CPU
		{EB51C737-6BE6-47AD-A65D-3046A459AFF6}.Release|Any CPU.ActiveCfg = Release|Any CPU
		{EB51C737-6BE6-47AD-A65D-3046A459AFF6}.Release|Any CPU.Build.0 = Release|Any CPU
		{35C465B6-F49D-475F-8CD5-BF022402B5FD}.Debug|Any CPU.ActiveCfg = Debug|Any CPU
		{35C465B6-F49D-475F-8CD5-BF022402B5FD}.Debug|Any CPU.Build.0 = Debug|Any CPU
		{35C465B6-F49D-475F-8CD5-BF022402B5FD}.Release|Any CPU.ActiveCfg = Release|Any CPU
		{35C465B6-F49D-475F-8CD5-BF022402B5FD}.Release|Any CPU.Build.0 = Release|Any CPU
	EndGlobalSection
	GlobalSection(SolutionProperties) = preSolution
		HideSolutionNode = FALSE
	EndGlobalSection
EndGlobal
